
Microsoft Visual Studio Solution File, Format Version 12.00
# Visual Studio Version 16
VisualStudioVersion = 16.0.29324.140
MinimumVisualStudioVersion = 10.0.40219.1
Project("{FAE04EC0-301F-11D3-BF4B-00C04F79EFBC}") = "WindowsFormsApp2", "WindowsFormsApp2\WindowsFormsApp2.csproj", "{FBB7352B-298C-4342-BF7E-93D73FA9F333}"
EndProject
Global
	GlobalSection(SolutionConfigurationPlatforms) = preSolution
		Debug|Any CPU = Debug|Any CPU
		Release|Any CPU = Release|Any CPU
	EndGlobalSection
	GlobalSection(ProjectConfigurationPlatforms) = postSolution
		{FBB7352B-298C-4342-BF7E-93D73FA9F333}.Debug|Any CPU.ActiveCfg = Debug|Any CPU
		{FBB7352B-298C-4342-BF7E-93D73FA9F333}.Debug|Any CPU.Build.0 = Debug|Any CPU
		{FBB7352B-298C-4342-BF7E-93D73FA9F333}.Release|Any CPU.ActiveCfg = Release|Any CPU
		{FBB7352B-298C-4342-BF7E-93D73FA9F333}.Release|Any CPU.Build.0 = Release|Any CPU
	EndGlobalSection
	GlobalSection(SolutionProperties) = preSolution
		HideSolutionNode = FALSE
	EndGlobalSection
	GlobalSection(ExtensibilityGlobals) = postSolution
		SolutionGuid = {F1C12637-9104-4FBE-9B87-D66F61C70F6D}
	EndGlobalSection
EndGlobal
